{
  "name": "latamswap-dex",
  "version": "1.0.0",
  "lockfileVersion": 3,
  "requires": true,
  "packages": {
    "": {
      "name": "latamswap-dex",
      "version": "1.0.0",
      "license": "ISC",
      "dependencies": {
        "solady": "^0.0.180"
      }
    },
    "node_modules/solady": {
      "version": "0.0.180",
      "resolved": "https://registry.npmjs.org/solady/-/solady-0.0.180.tgz",
      "integrity": "sha512-9QVCyMph+wk78Aq/GxtDAQg7dvNoVWx2dS2Zwf11XlwFKDZ+YJG2lrQsK9NEIth9NOebwjBXAYk4itdwOOE4aw=="
    }
  }
}
