{
  "name": "latamswap-dex",
  "version": "1.0.0",
  "lockfileVersion": 3,
  "requires": true,
  "packages": {
    "": {
      "name": "latamswap-dex",
      "version": "1.0.0",
      "license": "ISC",
      "dependencies": {
        "solady": "^0.0.200"
      }
    },
    "node_modules/solady": {
      "version": "0.0.200",
      "resolved": "https://registry.npmjs.org/solady/-/solady-0.0.200.tgz",
      "integrity": "sha512-qNtx/SNPaUqhnivdkjxQmmQihmWBNSm1yuB5jRJum6uK+D9lzCeTi/TRH7DK/4P77qC8wWG/rF1ttQmvBzsjsA=="
    }
  }
}
